
Microsoft Visual Studio Solution File, Format Version 12.00
# Visual Studio Version 17
VisualStudioVersion = 17.3.32929.385
MinimumVisualStudioVersion = 10.0.40219.1
Project("{9A19103F-16F7-4668-BE54-9A1E7A4F7556}") = "UserService", "UserService\UserService.csproj", "{62DE1FD8-A5FE-4E6D-873C-277C686E3DA8}"
EndProject
Project("{9A19103F-16F7-4668-BE54-9A1E7A4F7556}") = "Contracts", "Contracts\Contracts.csproj", "{045E2A44-6A60-4540-BA29-6A38FF7BEBF1}"
EndProject
Project("{9A19103F-16F7-4668-BE54-9A1E7A4F7556}") = "Services", "Services\Services.csproj", "{CF3FEF49-C72F-4905-9E18-2FF7556BE2FA}"
EndProject
Project("{9A19103F-16F7-4668-BE54-9A1E7A4F7556}") = "Entities", "Entities\Entities.csproj", "{3909807F-1486-4C27-9F26-64BC5D206E6D}"
EndProject
Project("{9A19103F-16F7-4668-BE54-9A1E7A4F7556}") = "Repository", "Repository\Repository.csproj", "{6F7F9874-A1B9-4505-A6EB-D4ECAF6CA63B}"
EndProject
Project("{FAE04EC0-301F-11D3-BF4B-00C04F79EFBC}") = "UserServiceTests", "UserServiceTests\UserServiceTests.csproj", "{B53BA824-18E2-44CD-8ADA-6DC975765A96}"
EndProject
Global
	GlobalSection(SolutionConfigurationPlatforms) = preSolution
		Debug|Any CPU = Debug|Any CPU
		Release|Any CPU = Release|Any CPU
	EndGlobalSection
	GlobalSection(ProjectConfigurationPlatforms) = postSolution
		{62DE1FD8-A5FE-4E6D-873C-277C686E3DA8}.Debug|Any CPU.ActiveCfg = Debug|Any CPU
		{62DE1FD8-A5FE-4E6D-873C-277C686E3DA8}.Debug|Any CPU.Build.0 = Debug|Any CPU
		{62DE1FD8-A5FE-4E6D-873C-277C686E3DA8}.Release|Any CPU.ActiveCfg = Release|Any CPU
		{62DE1FD8-A5FE-4E6D-873C-277C686E3DA8}.Release|Any CPU.Build.0 = Release|Any CPU
		{045E2A44-6A60-4540-BA29-6A38FF7BEBF1}.Debug|Any CPU.ActiveCfg = Debug|Any CPU
		{045E2A44-6A60-4540-BA29-6A38FF7BEBF1}.Debug|Any CPU.Build.0 = Debug|Any CPU
		{045E2A44-6A60-4540-BA29-6A38FF7BEBF1}.Release|Any CPU.ActiveCfg = Release|Any CPU
		{045E2A44-6A60-4540-BA29-6A38FF7BEBF1}.Release|Any CPU.Build.0 = Release|Any CPU
		{CF3FEF49-C72F-4905-9E18-2FF7556BE2FA}.Debug|Any CPU.ActiveCfg = Debug|Any CPU
		{CF3FEF49-C72F-4905-9E18-2FF7556BE2FA}.Debug|Any CPU.Build.0 = Debug|Any CPU
		{CF3FEF49-C72F-4905-9E18-2FF7556BE2FA}.Release|Any CPU.ActiveCfg = Release|Any CPU
		{CF3FEF49-C72F-4905-9E18-2FF7556BE2FA}.Release|Any CPU.Build.0 = Release|Any CPU
		{3909807F-1486-4C27-9F26-64BC5D206E6D}.Debug|Any CPU.ActiveCfg = Debug|Any CPU
		{3909807F-1486-4C27-9F26-64BC5D206E6D}.Debug|Any CPU.Build.0 = Debug|Any CPU
		{3909807F-1486-4C27-9F26-64BC5D206E6D}.Release|Any CPU.ActiveCfg = Release|Any CPU
		{3909807F-1486-4C27-9F26-64BC5D206E6D}.Release|Any CPU.Build.0 = Release|Any CPU
		{6F7F9874-A1B9-4505-A6EB-D4ECAF6CA63B}.Debug|Any CPU.ActiveCfg = Debug|Any CPU
		{6F7F9874-A1B9-4505-A6EB-D4ECAF6CA63B}.Debug|Any CPU.Build.0 = Debug|Any CPU
		{6F7F9874-A1B9-4505-A6EB-D4ECAF6CA63B}.Release|Any CPU.ActiveCfg = Release|Any CPU
		{6F7F9874-A1B9-4505-A6EB-D4ECAF6CA63B}.Release|Any CPU.Build.0 = Release|Any CPU
		{B53BA824-18E2-44CD-8ADA-6DC975765A96}.Debug|Any CPU.ActiveCfg = Debug|Any CPU
		{B53BA824-18E2-44CD-8ADA-6DC975765A96}.Debug|Any CPU.Build.0 = Debug|Any CPU
		{B53BA824-18E2-44CD-8ADA-6DC975765A96}.Release|Any CPU.ActiveCfg = Release|Any CPU
		{B53BA824-18E2-44CD-8ADA-6DC975765A96}.Release|Any CPU.Build.0 = Release|Any CPU
	EndGlobalSection
	GlobalSection(SolutionProperties) = preSolution
		HideSolutionNode = FALSE
	EndGlobalSection
	GlobalSection(ExtensibilityGlobals) = postSolution
		SolutionGuid = {CED7324D-20DE-494B-B9A4-3CF606DF2B54}
	EndGlobalSection
EndGlobal
